// !$*UTF8*$!
{
	archiveVersion = 1;
	classes = {
	};
	objectVersion = 50;
	objects = {

/* Begin PBXBuildFile section */
		F0CAFB2E2629251800D2D561 /* AppDelegate.swift in Sources */ = {isa = PBXBuildFile; fileRef = F0CAFB2D2629251800D2D561 /* AppDelegate.swift */; };
		F0CAFB302629251800D2D561 /* SceneDelegate.swift in Sources */ = {isa = PBXBuildFile; fileRef = F0CAFB2F2629251800D2D561 /* SceneDelegate.swift */; };
		F0CAFB322629251800D2D561 /* ViewController.swift in Sources */ = {isa = PBXBuildFile; fileRef = F0CAFB312629251800D2D561 /* ViewController.swift */; };
		F0CAFB352629251800D2D561 /* Main.storyboard in Resources */ = {isa = PBXBuildFile; fileRef = F0CAFB332629251800D2D561 /* Main.storyboard */; };
		F0CAFB372629251900D2D561 /* Assets.xcassets in Resources */ = {isa = PBXBuildFile; fileRef = F0CAFB362629251900D2D561 /* Assets.xcassets */; };
		F0CAFB3A2629251900D2D561 /* LaunchScreen.storyboard in Resources */ = {isa = PBXBuildFile; fileRef = F0CAFB382629251900D2D561 /* LaunchScreen.storyboard */; };
		F0CAFB452629251A00D2D561 /* my_heroTests.swift in Sources */ = {isa = PBXBuildFile; fileRef = F0CAFB442629251A00D2D561 /* my_heroTests.swift */; };
		F0CAFB502629251A00D2D561 /* my_heroUITests.swift in Sources */ = {isa = PBXBuildFile; fileRef = F0CAFB4F2629251A00D2D561 /* my_heroUITests.swift */; };
/* End PBXBuildFile section */

/* Begin PBXContainerItemProxy section */
		F0CAFB412629251A00D2D561 /* PBXContainerItemProxy */ = {
			isa = PBXContainerItemProxy;
			containerPortal = F0CAFB222629251800D2D561 /* Project object */;
			proxyType = 1;
			remoteGlobalIDString = F0CAFB292629251800D2D561;
			remoteInfo = "my hero";
		};
		F0CAFB4C2629251A00D2D561 /* PBXContainerItemProxy */ = {
			isa = PBXContainerItemProxy;
			containerPortal = F0CAFB222629251800D2D561 /* Project object */;
			proxyType = 1;
			remoteGlobalIDString = F0CAFB292629251800D2D561;
			remoteInfo = "my hero";
		};
/* End PBXContainerItemProxy section */

/* Begin PBXFileReference section */
		F0CAFB2A2629251800D2D561 /* my hero.app */ = {isa = PBXFileReference; explicitFileType = wrapper.application; includeInIndex = 0; path = "my hero.app"; sourceTree = BUILT_PRODUCTS_DIR; };
		F0CAFB2D2629251800D2D561 /* AppDelegate.swift */ = {isa = PBXFileReference; lastKnownFileType = sourcecode.swift; path = AppDelegate.swift; sourceTree = "<group>"; };
		F0CAFB2F2629251800D2D561 /* SceneDelegate.swift */ = {isa = PBXFileReference; lastKnownFileType = sourcecode.swift; path = SceneDelegate.swift; sourceTree = "<group>"; };
		F0CAFB312629251800D2D561 /* ViewController.swift */ = {isa = PBXFileReference; lastKnownFileType = sourcecode.swift; path = ViewController.swift; sourceTree = "<group>"; };
		F0CAFB342629251800D2D561 /* Base */ = {isa = PBXFileReference; lastKnownFileType = file.storyboard; name = Base; path = Base.lproj/Main.storyboard; sourceTree = "<group>"; };
		F0CAFB362629251900D2D561 /* Assets.xcassets */ = {isa = PBXFileReference; lastKnownFileType = folder.assetcatalog; path = Assets.xcassets; sourceTree = "<group>"; };
		F0CAFB392629251900D2D561 /* Base */ = {isa = PBXFileReference; lastKnownFileType = file.storyboard; name = Base; path = Base.lproj/LaunchScreen.storyboard; sourceTree = "<group>"; };
		F0CAFB3B2629251900D2D561 /* Info.plist */ = {isa = PBXFileReference; lastKnownFileType = text.plist.xml; path = Info.plist; sourceTree = "<group>"; };
		F0CAFB402629251A00D2D561 /* my heroTests.xctest */ = {isa = PBXFileReference; explicitFileType = wrapper.cfbundle; includeInIndex = 0; path = "my heroTests.xctest"; sourceTree = BUILT_PRODUCTS_DIR; };
		F0CAFB442629251A00D2D561 /* my_heroTests.swift */ = {isa = PBXFileReference; lastKnownFileType = sourcecode.swift; path = my_heroTests.swift; sourceTree = "<group>"; };
		F0CAFB462629251A00D2D561 /* Info.plist */ = {isa = PBXFileReference; lastKnownFileType = text.plist.xml; path = Info.plist; sourceTree = "<group>"; };
		F0CAFB4B2629251A00D2D561 /* my heroUITests.xctest */ = {isa = PBXFileReference; explicitFileType = wrapper.cfbundle; includeInIndex = 0; path = "my heroUITests.xctest"; sourceTree = BUILT_PRODUCTS_DIR; };
		F0CAFB4F2629251A00D2D561 /* my_heroUITests.swift */ = {isa = PBXFileReference; lastKnownFileType = sourcecode.swift; path = my_heroUITests.swift; sourceTree = "<group>"; };
		F0CAFB512629251A00D2D561 /* Info.plist */ = {isa = PBXFileReference; lastKnownFileType = text.plist.xml; path = Info.plist; sourceTree = "<group>"; };
/* End PBXFileReference section */

/* Begin PBXFrameworksBuildPhase section */
		F0CAFB272629251800D2D561 /* Frameworks */ = {
			isa = PBXFrameworksBuildPhase;
			buildActionMask = 2147483647;
			files = (
			);
			runOnlyForDeploymentPostprocessing = 0;
		};
		F0CAFB3D2629251A00D2D561 /* Frameworks */ = {
			isa = PBXFrameworksBuildPhase;
			buildActionMask = 2147483647;
			files = (
			);
			runOnlyForDeploymentPostprocessing = 0;
		};
		F0CAFB482629251A00D2D561 /* Frameworks */ = {
			isa = PBXFrameworksBuildPhase;
			buildActionMask = 2147483647;
			files = (
			);
			runOnlyForDeploymentPostprocessing = 0;
		};
/* End PBXFrameworksBuildPhase section */

/* Begin PBXGroup section */
		F0CAFB212629251800D2D561 = {
			isa = PBXGroup;
			children = (
				F0CAFB2C2629251800D2D561 /* my hero */,
				F0CAFB432629251A00D2D561 /* my heroTests */,
				F0CAFB4E2629251A00D2D561 /* my heroUITests */,
				F0CAFB2B2629251800D2D561 /* Products */,
			);
			sourceTree = "<group>";
		};
		F0CAFB2B2629251800D2D561 /* Products */ = {
			isa = PBXGroup;
			children = (
				F0CAFB2A2629251800D2D561 /* my hero.app */,
				F0CAFB402629251A00D2D561 /* my heroTests.xctest */,
				F0CAFB4B2629251A00D2D561 /* my heroUITests.xctest */,
			);
			name = Products;
			sourceTree = "<group>";
		};
		F0CAFB2C2629251800D2D561 /* my hero */ = {
			isa = PBXGroup;
			children = (
				F0CAFB2D2629251800D2D561 /* AppDelegate.swift */,
				F0CAFB2F2629251800D2D561 /* SceneDelegate.swift */,
				F0CAFB312629251800D2D561 /* ViewController.swift */,
				F0CAFB332629251800D2D561 /* Main.storyboard */,
				F0CAFB362629251900D2D561 /* Assets.xcassets */,
				F0CAFB382629251900D2D561 /* LaunchScreen.storyboard */,
				F0CAFB3B2629251900D2D561 /* Info.plist */,
			);
			path = "my hero";
			sourceTree = "<group>";
		};
		F0CAFB432629251A00D2D561 /* my heroTests */ = {
			isa = PBXGroup;
			children = (
				F0CAFB442629251A00D2D561 /* my_heroTests.swift */,
				F0CAFB462629251A00D2D561 /* Info.plist */,
			);
			path = "my heroTests";
			sourceTree = "<group>";
		};
		F0CAFB4E2629251A00D2D561 /* my heroUITests */ = {
			isa = PBXGroup;
			children = (
				F0CAFB4F2629251A00D2D561 /* my_heroUITests.swift */,
				F0CAFB512629251A00D2D561 /* Info.plist */,
			);
			path = "my heroUITests";
			sourceTree = "<group>";
		};
/* End PBXGroup section */

/* Begin PBXNativeTarget section */
		F0CAFB292629251800D2D561 /* my hero */ = {
			isa = PBXNativeTarget;
			buildConfigurationList = F0CAFB542629251A00D2D561 /* Build configuration list for PBXNativeTarget "my hero" */;
			buildPhases = (
				F0CAFB262629251800D2D561 /* Sources */,
				F0CAFB272629251800D2D561 /* Frameworks */,
				F0CAFB282629251800D2D561 /* Resources */,
			);
			buildRules = (
			);
			dependencies = (
			);
			name = "my hero";
			productName = "my hero";
			productReference = F0CAFB2A2629251800D2D561 /* my hero.app */;
			productType = "com.apple.product-type.application";
		};
		F0CAFB3F2629251A00D2D561 /* my heroTests */ = {
			isa = PBXNativeTarget;
			buildConfigurationList = F0CAFB572629251A00D2D561 /* Build configuration list for PBXNativeTarget "my heroTests" */;
			buildPhases = (
				F0CAFB3C2629251A00D2D561 /* Sources */,
				F0CAFB3D2629251A00D2D561 /* Frameworks */,
				F0CAFB3E2629251A00D2D561 /* Resources */,
			);
			buildRules = (
			);
			dependencies = (
				F0CAFB422629251A00D2D561 /* PBXTargetDependency */,
			);
			name = "my heroTests";
			productName = "my heroTests";
			productReference = F0CAFB402629251A00D2D561 /* my heroTests.xctest */;
			productType = "com.apple.product-type.bundle.unit-test";
		};
		F0CAFB4A2629251A00D2D561 /* my heroUITests */ = {
			isa = PBXNativeTarget;
			buildConfigurationList = F0CAFB5A2629251A00D2D561 /* Build configuration list for PBXNativeTarget "my heroUITests" */;
			buildPhases = (
				F0CAFB472629251A00D2D561 /* Sources */,
				F0CAFB482629251A00D2D561 /* Frameworks */,
				F0CAFB492629251A00D2D561 /* Resources */,
			);
			buildRules = (
			);
			dependencies = (
				F0CAFB4D2629251A00D2D561 /* PBXTargetDependency */,
			);
			name = "my heroUITests";
			productName = "my heroUITests";
			productReference = F0CAFB4B2629251A00D2D561 /* my heroUITests.xctest */;
			productType = "com.apple.product-type.bundle.ui-testing";
		};
/* End PBXNativeTarget section */

/* Begin PBXProject section */
		F0CAFB222629251800D2D561 /* Project object */ = {
			isa = PBXProject;
			attributes = {
				LastSwiftUpdateCheck = 1240;
				LastUpgradeCheck = 1240;
				TargetAttributes = {
					F0CAFB292629251800D2D561 = {
						CreatedOnToolsVersion = 12.4;
					};
					F0CAFB3F2629251A00D2D561 = {
						CreatedOnToolsVersion = 12.4;
						TestTargetID = F0CAFB292629251800D2D561;
					};
					F0CAFB4A2629251A00D2D561 = {
						CreatedOnToolsVersion = 12.4;
						TestTargetID = F0CAFB292629251800D2D561;
					};
				};
			};
			buildConfigurationList = F0CAFB252629251800D2D561 /* Build configuration list for PBXProject "my hero" */;
			compatibilityVersion = "Xcode 9.3";
			developmentRegion = en;
			hasScannedForEncodings = 0;
			knownRegions = (
				en,
				Base,
			);
			mainGroup = F0CAFB212629251800D2D561;
			productRefGroup = F0CAFB2B2629251800D2D561 /* Products */;
			projectDirPath = "";
			projectRoot = "";
			targets = (
				F0CAFB292629251800D2D561 /* my hero */,
				F0CAFB3F2629251A00D2D561 /* my heroTests */,
				F0CAFB4A2629251A00D2D561 /* my heroUITests */,
			);
		};
/* End PBXProject section */

/* Begin PBXResourcesBuildPhase section */
		F0CAFB282629251800D2D561 /* Resources */ = {
			isa = PBXResourcesBuildPhase;
			buildActionMask = 2147483647;
			files = (
				F0CAFB3A2629251900D2D561 /* LaunchScreen.storyboard in Resources */,
				F0CAFB372629251900D2D561 /* Assets.xcassets in Resources */,
				F0CAFB352629251800D2D561 /* Main.storyboard in Resources */,
			);
			runOnlyForDeploymentPostprocessing = 0;
		};
		F0CAFB3E2629251A00D2D561 /* Resources */ = {
			isa = PBXResourcesBuildPhase;
			buildActionMask = 2147483647;
			files = (
			);
			runOnlyForDeploymentPostprocessing = 0;
		};
		F0CAFB492629251A00D2D561 /* Resources */ = {
			isa = PBXResourcesBuildPhase;
			buildActionMask = 2147483647;
			files = (
			);
			runOnlyForDeploymentPostprocessing = 0;
		};
/* End PBXResourcesBuildPhase section */

/* Begin PBXSourcesBuildPhase section */
		F0CAFB262629251800D2D561 /* Sources */ = {
			isa = PBXSourcesBuildPhase;
			buildActionMask = 2147483647;
			files = (
				F0CAFB322629251800D2D561 /* ViewController.swift in Sources */,
				F0CAFB2E2629251800D2D561 /* AppDelegate.swift in Sources */,
				F0CAFB302629251800D2D561 /* SceneDelegate.swift in Sources */,
			);
			runOnlyForDeploymentPostprocessing = 0;
		};
		F0CAFB3C2629251A00D2D561 /* Sources */ = {
			isa = PBXSourcesBuildPhase;
			buildActionMask = 2147483647;
			files = (
				F0CAFB452629251A00D2D561 /* my_heroTests.swift in Sources */,
			);
			runOnlyForDeploymentPostprocessing = 0;
		};
		F0CAFB472629251A00D2D561 /* Sources */ = {
			isa = PBXSourcesBuildPhase;
			buildActionMask = 2147483647;
			files = (
				F0CAFB502629251A00D2D561 /* my_heroUITests.swift in Sources */,
			);
			runOnlyForDeploymentPostprocessing = 0;
		};
/* End PBXSourcesBuildPhase section */

/* Begin PBXTargetDependency section */
		F0CAFB422629251A00D2D561 /* PBXTargetDependency */ = {
			isa = PBXTargetDependency;
			target = F0CAFB292629251800D2D561 /* my hero */;
			targetProxy = F0CAFB412629251A00D2D561 /* PBXContainerItemProxy */;
		};
		F0CAFB4D2629251A00D2D561 /* PBXTargetDependency */ = {
			isa = PBXTargetDependency;
			target = F0CAFB292629251800D2D561 /* my hero */;
			targetProxy = F0CAFB4C2629251A00D2D561 /* PBXContainerItemProxy */;
		};
/* End PBXTargetDependency section */

/* Begin PBXVariantGroup section */
		F0CAFB332629251800D2D561 /* Main.storyboard */ = {
			isa = PBXVariantGroup;
			children = (
				F0CAFB342629251800D2D561 /* Base */,
			);
			name = Main.storyboard;
			sourceTree = "<group>";
		};
		F0CAFB382629251900D2D561 /* LaunchScreen.storyboard */ = {
			isa = PBXVariantGroup;
			children = (
				F0CAFB392629251900D2D561 /* Base */,
			);
			name = LaunchScreen.storyboard;
			sourceTree = "<group>";
		};
/* End PBXVariantGroup section */

/* Begin XCBuildConfiguration section */
		F0CAFB522629251A00D2D561 /* Debug */ = {
			isa = XCBuildConfiguration;
			buildSettings = {
				ALWAYS_SEARCH_USER_PATHS = NO;
				CLANG_ANALYZER_NONNULL = YES;
				CLANG_ANALYZER_NUMBER_OBJECT_CONVERSION = YES_AGGRESSIVE;
				CLANG_CXX_LANGUAGE_STANDARD = "gnu++14";
				CLANG_CXX_LIBRARY = "libc++";
				CLANG_ENABLE_MODULES = YES;
				CLANG_ENABLE_OBJC_ARC = YES;
				CLANG_ENABLE_OBJC_WEAK = YES;
				CLANG_WARN_BLOCK_CAPTURE_AUTORELEASING = YES;
				CLANG_WARN_BOOL_CONVERSION = YES;
				CLANG_WARN_COMMA = YES;
				CLANG_WARN_CONSTANT_CONVERSION = YES;
				CLANG_WARN_DEPRECATED_OBJC_IMPLEMENTATIONS = YES;
				CLANG_WARN_DIRECT_OBJC_ISA_USAGE = YES_ERROR;
				CLANG_WARN_DOCUMENTATION_COMMENTS = YES;
				CLANG_WARN_EMPTY_BODY = YES;
				CLANG_WARN_ENUM_CONVERSION = YES;
				CLANG_WARN_INFINITE_RECURSION = YES;
				CLANG_WARN_INT_CONVERSION = YES;
				CLANG_WARN_NON_LITERAL_NULL_CONVERSION = YES;
				CLANG_WARN_OBJC_IMPLICIT_RETAIN_SELF = YES;
				CLANG_WARN_OBJC_LITERAL_CONVERSION = YES;
				CLANG_WARN_OBJC_ROOT_CLASS = YES_ERROR;
				CLANG_WARN_QUOTED_INCLUDE_IN_FRAMEWORK_HEADER = YES;
				CLANG_WARN_RANGE_LOOP_ANALYSIS = YES;
				CLANG_WARN_STRICT_PROTOTYPES = YES;
				CLANG_WARN_SUSPICIOUS_MOVE = YES;
				CLANG_WARN_UNGUARDED_AVAILABILITY = YES_AGGRESSIVE;
				CLANG_WARN_UNREACHABLE_CODE = YES;
				CLANG_WARN__DUPLICATE_METHOD_MATCH = YES;
				COPY_PHASE_STRIP = NO;
				DEBUG_INFORMATION_FORMAT = dwarf;
				ENABLE_STRICT_OBJC_MSGSEND = YES;
				ENABLE_TESTABILITY = YES;
				GCC_C_LANGUAGE_STANDARD = gnu11;
				GCC_DYNAMIC_NO_PIC = NO;
				GCC_NO_COMMON_BLOCKS = YES;
				GCC_OPTIMIZATION_LEVEL = 0;
				GCC_PREPROCESSOR_DEFINITIONS = (
					"DEBUG=1",
					"$(inherited)",
				);
				GCC_WARN_64_TO_32_BIT_CONVERSION = YES;
				GCC_WARN_ABOUT_RETURN_TYPE = YES_ERROR;
				GCC_WARN_UNDECLARED_SELECTOR = YES;
				GCC_WARN_UNINITIALIZED_AUTOS = YES_AGGRESSIVE;
				GCC_WARN_UNUSED_FUNCTION = YES;
				GCC_WARN_UNUSED_VARIABLE = YES;
				IPHONEOS_DEPLOYMENT_TARGET = 14.4;
				MTL_ENABLE_DEBUG_INFO = INCLUDE_SOURCE;
				MTL_FAST_MATH = YES;
				ONLY_ACTIVE_ARCH = YES;
				SDKROOT = iphoneos;
				SWIFT_ACTIVE_COMPILATION_CONDITIONS = DEBUG;
				SWIFT_OPTIMIZATION_LEVEL = "-Onone";
			};
			name = Debug;
		};
		F0CAFB532629251A00D2D561 /* Release */ = {
			isa = XCBuildConfiguration;
			buildSettings = {
				ALWAYS_SEARCH_USER_PATHS = NO;
				CLANG_ANALYZER_NONNULL = YES;
				CLANG_ANALYZER_NUMBER_OBJECT_CONVERSION = YES_AGGRESSIVE;
				CLANG_CXX_LANGUAGE_STANDARD = "gnu++14";
				CLANG_CXX_LIBRARY = "libc++";
				CLANG_ENABLE_MODULES = YES;
				CLANG_ENABLE_OBJC_ARC = YES;
				CLANG_ENABLE_OBJC_WEAK = YES;
				CLANG_WARN_BLOCK_CAPTURE_AUTORELEASING = YES;
				CLANG_WARN_BOOL_CONVERSION = YES;
				CLANG_WARN_COMMA = YES;
				CLANG_WARN_CONSTANT_CONVERSION = YES;
				CLANG_WARN_DEPRECATED_OBJC_IMPLEMENTATIONS = YES;
				CLANG_WARN_DIRECT_OBJC_ISA_USAGE = YES_ERROR;
				CLANG_WARN_DOCUMENTATION_COMMENTS = YES;
				CLANG_WARN_EMPTY_BODY = YES;
				CLANG_WARN_ENUM_CONVERSION = YES;
				CLANG_WARN_INFINITE_RECURSION = YES;
				CLANG_WARN_INT_CONVERSION = YES;
				CLANG_WARN_NON_LITERAL_NULL_CONVERSION = YES;
				CLANG_WARN_OBJC_IMPLICIT_RETAIN_SELF = YES;
				CLANG_WARN_OBJC_LITERAL_CONVERSION = YES;
				CLANG_WARN_OBJC_ROOT_CLASS = YES_ERROR;
				CLANG_WARN_QUOTED_INCLUDE_IN_FRAMEWORK_HEADER = YES;
				CLANG_WARN_RANGE_LOOP_ANALYSIS = YES;
				CLANG_WARN_STRICT_PROTOTYPES = YES;
				CLANG_WARN_SUSPICIOUS_MOVE = YES;
				CLANG_WARN_UNGUARDED_AVAILABILITY = YES_AGGRESSIVE;
				CLANG_WARN_UNREACHABLE_CODE = YES;
				CLANG_WARN__DUPLICATE_METHOD_MATCH = YES;
				COPY_PHASE_STRIP = NO;
				DEBUG_INFORMATION_FORMAT = "dwarf-with-dsym";
				ENABLE_NS_ASSERTIONS = NO;
				ENABLE_STRICT_OBJC_MSGSEND = YES;
				GCC_C_LANGUAGE_STANDARD = gnu11;
				GCC_NO_COMMON_BLOCKS = YES;
				GCC_WARN_64_TO_32_BIT_CONVERSION = YES;
				GCC_WARN_ABOUT_RETURN_TYPE = YES_ERROR;
				GCC_WARN_UNDECLARED_SELECTOR = YES;
				GCC_WARN_UNINITIALIZED_AUTOS = YES_AGGRESSIVE;
				GCC_WARN_UNUSED_FUNCTION = YES;
				GCC_WARN_UNUSED_VARIABLE = YES;
				IPHONEOS_DEPLOYMENT_TARGET = 14.4;
				MTL_ENABLE_DEBUG_INFO = NO;
				MTL_FAST_MATH = YES;
				SDKROOT = iphoneos;
				SWIFT_COMPILATION_MODE = wholemodule;
				SWIFT_OPTIMIZATION_LEVEL = "-O";
				VALIDATE_PRODUCT = YES;
			};
			name = Release;
		};
		F0CAFB552629251A00D2D561 /* Debug */ = {
			isa = XCBuildConfiguration;
			buildSettings = {
				ASSETCATALOG_COMPILER_APPICON_NAME = AppIcon;
				ASSETCATALOG_COMPILER_GLOBAL_ACCENT_COLOR_NAME = AccentColor;
				CODE_SIGN_STYLE = Automatic;
				DEVELOPMENT_TEAM = LQH8MH2XLH;
				INFOPLIST_FILE = "my hero/Info.plist";
				LD_RUNPATH_SEARCH_PATHS = (
					"$(inherited)",
					"@executable_path/Frameworks",
				);
				PRODUCT_BUNDLE_IDENTIFIER = "com.amer.my-hero";
				PRODUCT_NAME = "$(TARGET_NAME)";
				SWIFT_VERSION = 5.0;
				TARGETED_DEVICE_FAMILY = "1,2";
			};
			name = Debug;
		};
		F0CAFB562629251A00D2D561 /* Release */ = {
			isa = XCBuildConfiguration;
			buildSettings = {
				ASSETCATALOG_COMPILER_APPICON_NAME = AppIcon;
				ASSETCATALOG_COMPILER_GLOBAL_ACCENT_COLOR_NAME = AccentColor;
				CODE_SIGN_STYLE = Automatic;
				DEVELOPMENT_TEAM = LQH8MH2XLH;
				INFOPLIST_FILE = "my hero/Info.plist";
				LD_RUNPATH_SEARCH_PATHS = (
					"$(inherited)",
					"@executable_path/Frameworks",
				);
				PRODUCT_BUNDLE_IDENTIFIER = "com.amer.my-hero";
				PRODUCT_NAME = "$(TARGET_NAME)";
				SWIFT_VERSION = 5.0;
				TARGETED_DEVICE_FAMILY = "1,2";
			};
			name = Release;
		};
		F0CAFB582629251A00D2D561 /* Debug */ = {
			isa = XCBuildConfiguration;
			buildSettings = {
				ALWAYS_EMBED_SWIFT_STANDARD_LIBRARIES = YES;
				BUNDLE_LOADER = "$(TEST_HOST)";
				CODE_SIGN_STYLE = Automatic;
				DEVELOPMENT_TEAM = LQH8MH2XLH;
				INFOPLIST_FILE = "my heroTests/Info.plist";
				IPHONEOS_DEPLOYMENT_TARGET = 14.4;
				LD_RUNPATH_SEARCH_PATHS = (
					"$(inherited)",
					"@executable_path/Frameworks",
					"@loader_path/Frameworks",
				);
				PRODUCT_BUNDLE_IDENTIFIER = "com.amer.my-heroTests";
				PRODUCT_NAME = "$(TARGET_NAME)";
				SWIFT_VERSION = 5.0;
				TARGETED_DEVICE_FAMILY = "1,2";
				TEST_HOST = "$(BUILT_PRODUCTS_DIR)/my hero.app/my hero";
			};
			name = Debug;
		};
		F0CAFB592629251A00D2D561 /* Release */ = {
			isa = XCBuildConfiguration;
			buildSettings = {
				ALWAYS_EMBED_SWIFT_STANDARD_LIBRARIES = YES;
				BUNDLE_LOADER = "$(TEST_HOST)";
				CODE_SIGN_STYLE = Automatic;
				DEVELOPMENT_TEAM = LQH8MH2XLH;
				INFOPLIST_FILE = "my heroTests/Info.plist";
				IPHONEOS_DEPLOYMENT_TARGET = 14.4;
				LD_RUNPATH_SEARCH_PATHS = (
					"$(inherited)",
					"@executable_path/Frameworks",
					"@loader_path/Frameworks",
				);
				PRODUCT_BUNDLE_IDENTIFIER = "com.amer.my-heroTests";
				PRODUCT_NAME = "$(TARGET_NAME)";
				SWIFT_VERSION = 5.0;
				TARGETED_DEVICE_FAMILY = "1,2";
				TEST_HOST = "$(BUILT_PRODUCTS_DIR)/my hero.app/my hero";
			};
			name = Release;
		};
		F0CAFB5B2629251A00D2D561 /* Debug */ = {
			isa = XCBuildConfiguration;
			buildSettings = {
				ALWAYS_EMBED_SWIFT_STANDARD_LIBRARIES = YES;
				CODE_SIGN_STYLE = Automatic;
				DEVELOPMENT_TEAM = LQH8MH2XLH;
				INFOPLIST_FILE = "my heroUITests/Info.plist";
				LD_RUNPATH_SEARCH_PATHS = (
					"$(inherited)",
					"@executable_path/Frameworks",
					"@loader_path/Frameworks",
				);
				PRODUCT_BUNDLE_IDENTIFIER = "com.amer.my-heroUITests";
				PRODUCT_NAME = "$(TARGET_NAME)";
				SWIFT_VERSION = 5.0;
				TARGETED_DEVICE_FAMILY = "1,2";
				TEST_TARGET_NAME = "my hero";
			};
			name = Debug;
		};
		F0CAFB5C2629251A00D2D561 /* Release */ = {
			isa = XCBuildConfiguration;
			buildSettings = {
				ALWAYS_EMBED_SWIFT_STANDARD_LIBRARIES = YES;
				CODE_SIGN_STYLE = Automatic;
				DEVELOPMENT_TEAM = LQH8MH2XLH;
				INFOPLIST_FILE = "my heroUITests/Info.plist";
				LD_RUNPATH_SEARCH_PATHS = (
					"$(inherited)",
					"@executable_path/Frameworks",
					"@loader_path/Frameworks",
				);
				PRODUCT_BUNDLE_IDENTIFIER = "com.amer.my-heroUITests";
				PRODUCT_NAME = "$(TARGET_NAME)";
				SWIFT_VERSION = 5.0;
				TARGETED_DEVICE_FAMILY = "1,2";
				TEST_TARGET_NAME = "my hero";
			};
			name = Release;
		};
/* End XCBuildConfiguration section */

/* Begin XCConfigurationList section */
		F0CAFB252629251800D2D561 /* Build configuration list for PBXProject "my hero" */ = {
			isa = XCConfigurationList;
			buildConfigurations = (
				F0CAFB522629251A00D2D561 /* Debug */,
				F0CAFB532629251A00D2D561 /* Release */,
			);
			defaultConfigurationIsVisible = 0;
			defaultConfigurationName = Release;
		};
		F0CAFB542629251A00D2D561 /* Build configuration list for PBXNativeTarget "my hero" */ = {
			isa = XCConfigurationList;
			buildConfigurations = (
				F0CAFB552629251A00D2D561 /* Debug */,
				F0CAFB562629251A00D2D561 /* Release */,
			);
			defaultConfigurationIsVisible = 0;
			defaultConfigurationName = Release;
		};
		F0CAFB572629251A00D2D561 /* Build configuration list for PBXNativeTarget "my heroTests" */ = {
			isa = XCConfigurationList;
			buildConfigurations = (
				F0CAFB582629251A00D2D561 /* Debug */,
				F0CAFB592629251A00D2D561 /* Release */,
			);
			defaultConfigurationIsVisible = 0;
			defaultConfigurationName = Release;
		};
		F0CAFB5A2629251A00D2D561 /* Build configuration list for PBXNativeTarget "my heroUITests" */ = {
			isa = XCConfigurationList;
			buildConfigurations = (
				F0CAFB5B2629251A00D2D561 /* Debug */,
				F0CAFB5C2629251A00D2D561 /* Release */,
			);
			defaultConfigurationIsVisible = 0;
			defaultConfigurationName = Release;
		};
/* End XCConfigurationList section */
	};
	rootObject = F0CAFB222629251800D2D561 /* Project object */;
}
